
Microsoft Visual Studio Solution File, Format Version 12.00
# Visual Studio Version 16
VisualStudioVersion = 16.0.30413.136
MinimumVisualStudioVersion = 10.0.40219.1
Project("{FAE04EC0-301F-11D3-BF4B-00C04F79EFBC}") = "PharmacyChain", "PharmacyChain\PharmacyChain.csproj", "{32CA6F5C-DD39-452E-91FB-3E8870A89FB9}"
EndProject
Global
	GlobalSection(SolutionConfigurationPlatforms) = preSolution
		Debug|Any CPU = Debug|Any CPU
		Release|Any CPU = Release|Any CPU
	EndGlobalSection
	GlobalSection(ProjectConfigurationPlatforms) = postSolution
		{32CA6F5C-DD39-452E-91FB-3E8870A89FB9}.Debug|Any CPU.ActiveCfg = Debug|Any CPU
		{32CA6F5C-DD39-452E-91FB-3E8870A89FB9}.Debug|Any CPU.Build.0 = Debug|Any CPU
		{32CA6F5C-DD39-452E-91FB-3E8870A89FB9}.Release|Any CPU.ActiveCfg = Release|Any CPU
		{32CA6F5C-DD39-452E-91FB-3E8870A89FB9}.Release|Any CPU.Build.0 = Release|Any CPU
	EndGlobalSection
	GlobalSection(SolutionProperties) = preSolution
		HideSolutionNode = FALSE
	EndGlobalSection
	GlobalSection(ExtensibilityGlobals) = postSolution
		SolutionGuid = {02B7B84B-808A-458B-A3EE-94917F1C6548}
	EndGlobalSection
EndGlobal
